
Microsoft Visual Studio Solution File, Format Version 12.00
# Visual Studio 15
VisualStudioVersion = 15.0.28010.2036
MinimumVisualStudioVersion = 10.0.40219.1
Project("{FAE04EC0-301F-11D3-BF4B-00C04F79EFBC}") = "ClassesTake2", "ClassesTake2\ClassesTake2.csproj", "{22170FE8-76C7-4919-A1E5-D059EF49B2B4}"
EndProject
Global
	GlobalSection(SolutionConfigurationPlatforms) = preSolution
		Debug|Any CPU = Debug|Any CPU
		Release|Any CPU = Release|Any CPU
	EndGlobalSection
	GlobalSection(ProjectConfigurationPlatforms) = postSolution
		{22170FE8-76C7-4919-A1E5-D059EF49B2B4}.Debug|Any CPU.ActiveCfg = Debug|Any CPU
		{22170FE8-76C7-4919-A1E5-D059EF49B2B4}.Debug|Any CPU.Build.0 = Debug|Any CPU
		{22170FE8-76C7-4919-A1E5-D059EF49B2B4}.Release|Any CPU.ActiveCfg = Release|Any CPU
		{22170FE8-76C7-4919-A1E5-D059EF49B2B4}.Release|Any CPU.Build.0 = Release|Any CPU
	EndGlobalSection
	GlobalSection(SolutionProperties) = preSolution
		HideSolutionNode = FALSE
	EndGlobalSection
	GlobalSection(ExtensibilityGlobals) = postSolution
		SolutionGuid = {39735791-291A-45D4-A389-B6B4E3F2DCD7}
	EndGlobalSection
EndGlobal
